
Microsoft Visual Studio Solution File, Format Version 12.00
# Visual Studio Version 17
VisualStudioVersion = 17.11.35219.272
MinimumVisualStudioVersion = 10.0.40219.1
Project("{FAE04EC0-301F-11D3-BF4B-00C04F79EFBC}") = "namespace3", "namespace3\namespace3.csproj", "{6C89D171-C089-4A3D-ACAB-4FD1DFE8732F}"
EndProject
Global
	GlobalSection(SolutionConfigurationPlatforms) = preSolution
		Debug|Any CPU = Debug|Any CPU
		Release|Any CPU = Release|Any CPU
	EndGlobalSection
	GlobalSection(ProjectConfigurationPlatforms) = postSolution
		{6C89D171-C089-4A3D-ACAB-4FD1DFE8732F}.Debug|Any CPU.ActiveCfg = Debug|Any CPU
		{6C89D171-C089-4A3D-ACAB-4FD1DFE8732F}.Debug|Any CPU.Build.0 = Debug|Any CPU
		{6C89D171-C089-4A3D-ACAB-4FD1DFE8732F}.Release|Any CPU.ActiveCfg = Release|Any CPU
		{6C89D171-C089-4A3D-ACAB-4FD1DFE8732F}.Release|Any CPU.Build.0 = Release|Any CPU
	EndGlobalSection
	GlobalSection(SolutionProperties) = preSolution
		HideSolutionNode = FALSE
	EndGlobalSection
	GlobalSection(ExtensibilityGlobals) = postSolution
		SolutionGuid = {B611D8A0-45BB-4C40-8286-91F706FE1EB9}
	EndGlobalSection
EndGlobal
